// !$*UTF8*$!
{
	archiveVersion = 1;
	classes = {
	};
	objectVersion = 50;
	objects = {

/* Begin PBXBuildFile section */
		180565ED2707987500B82107 /* CacheFeedUseCaseTests.swift in Sources */ = {isa = PBXBuildFile; fileRef = 180565EC2707987500B82107 /* CacheFeedUseCaseTests.swift */; };
		180565F02714C5D600B82107 /* LocalFeedLoader.swift in Sources */ = {isa = PBXBuildFile; fileRef = 180565EF2714C5D600B82107 /* LocalFeedLoader.swift */; };
		180565F22714C67100B82107 /* FeedStoreProtocol.swift in Sources */ = {isa = PBXBuildFile; fileRef = 180565F12714C67100B82107 /* FeedStoreProtocol.swift */; };
		180F7EF926E20FF40045CAE9 /* URLSessionHTTPClientTests.swift in Sources */ = {isa = PBXBuildFile; fileRef = 180F7EF826E20FF40045CAE9 /* URLSessionHTTPClientTests.swift */; };
		1832B28A275BCCE400353707 /* EssentialFeediOS.docc in Sources */ = {isa = PBXBuildFile; fileRef = 1832B289275BCCE400353707 /* EssentialFeediOS.docc */; };
		1832B290275BCCE400353707 /* EssentialFeediOS.framework in Frameworks */ = {isa = PBXBuildFile; fileRef = 1832B286275BCCE400353707 /* EssentialFeediOS.framework */; };
		1832B29E275CE6FD00353707 /* FeedViewControllerTests.swift in Sources */ = {isa = PBXBuildFile; fileRef = 1832B29D275CE6FD00353707 /* FeedViewControllerTests.swift */; };
		1832B2AE275CECF500353707 /* EssentialFeed.framework in Frameworks */ = {isa = PBXBuildFile; fileRef = 1879C99A26C68C7000489C7B /* EssentialFeed.framework */; };
		1832B2AF275CECF500353707 /* EssentialFeed.framework in Embed Frameworks */ = {isa = PBXBuildFile; fileRef = 1879C99A26C68C7000489C7B /* EssentialFeed.framework */; settings = {ATTRIBUTES = (CodeSignOnCopy, RemoveHeadersOnCopy, ); }; };
		1832B2B3275CED7E00353707 /* XCTest+Extension.swift in Sources */ = {isa = PBXBuildFile; fileRef = 186F3E8526ECCDDF00C36812 /* XCTest+Extension.swift */; };
		183CA57526DBE88000DEEA0C /* FeedItemMapper.swift in Sources */ = {isa = PBXBuildFile; fileRef = 183CA57426DBE88000DEEA0C /* FeedItemMapper.swift */; };
		183CA57726DBE8F100DEEA0C /* HTTPClientProtocol.swift in Sources */ = {isa = PBXBuildFile; fileRef = 183CA57626DBE8F100DEEA0C /* HTTPClientProtocol.swift */; };
		185B8F6B273324070003541E /* FeedStoreSpecs.swift in Sources */ = {isa = PBXBuildFile; fileRef = 185B8F6A273324070003541E /* FeedStoreSpecs.swift */; };
		185B8F6D2733248C0003541E /* Extension+FeedStoreSpecs.swift in Sources */ = {isa = PBXBuildFile; fileRef = 185B8F6C2733248C0003541E /* Extension+FeedStoreSpecs.swift */; };
		186F3E8626ECCDDF00C36812 /* XCTest+Extension.swift in Sources */ = {isa = PBXBuildFile; fileRef = 186F3E8526ECCDDF00C36812 /* XCTest+Extension.swift */; };
		186F3E8826ECF77000C36812 /* URLSessionHTTPClient.swift in Sources */ = {isa = PBXBuildFile; fileRef = 186F3E8726ECF77000C36812 /* URLSessionHTTPClient.swift */; };
		1879C9A426C68C7100489C7B /* EssentialFeed.framework in Frameworks */ = {isa = PBXBuildFile; fileRef = 1879C99A26C68C7000489C7B /* EssentialFeed.framework */; };
		1879C9AB26C68C7100489C7B /* EssentialFeed.h in Headers */ = {isa = PBXBuildFile; fileRef = 1879C99D26C68C7000489C7B /* EssentialFeed.h */; settings = {ATTRIBUTES = (Public, ); }; };
		1879C9B526C68CB300489C7B /* FeedLoader.swift in Sources */ = {isa = PBXBuildFile; fileRef = 1879C9B426C68CB300489C7B /* FeedLoader.swift */; };
		1879C9B726C68D1E00489C7B /* FeedImage.swift in Sources */ = {isa = PBXBuildFile; fileRef = 1879C9B626C68D1E00489C7B /* FeedImage.swift */; };
		1879C9BA26C68E0200489C7B /* LoadFeedFromRemoteUseCaseTests.swift in Sources */ = {isa = PBXBuildFile; fileRef = 1879C9B926C68E0200489C7B /* LoadFeedFromRemoteUseCaseTests.swift */; };
		187C2E592739C3EA0002B331 /* CoreDataFeedStoreTests.swift in Sources */ = {isa = PBXBuildFile; fileRef = 187C2E582739C3EA0002B331 /* CoreDataFeedStoreTests.swift */; };
		187C2E5B2739C5590002B331 /* CoreDataFeedStore.swift in Sources */ = {isa = PBXBuildFile; fileRef = 187C2E5A2739C5590002B331 /* CoreDataFeedStore.swift */; };
		187C2E6C273C64AB0002B331 /* FeedStore.xcdatamodeld in Sources */ = {isa = PBXBuildFile; fileRef = 187C2E6A273C64AB0002B331 /* FeedStore.xcdatamodeld */; };
		187C2E7A273FFC940002B331 /* CoreDataHelpers.swift in Sources */ = {isa = PBXBuildFile; fileRef = 187C2E79273FFC940002B331 /* CoreDataHelpers.swift */; };
		187C2E7C273FFCE90002B331 /* ManagedCache.swift in Sources */ = {isa = PBXBuildFile; fileRef = 187C2E7B273FFCE90002B331 /* ManagedCache.swift */; };
		187C2E7E273FFD190002B331 /* ManagedFeedImage.swift in Sources */ = {isa = PBXBuildFile; fileRef = 187C2E7D273FFD190002B331 /* ManagedFeedImage.swift */; };
		187C2E862740289A0002B331 /* EssentialFeedCacheIntegrationTests.swift in Sources */ = {isa = PBXBuildFile; fileRef = 187C2E852740289A0002B331 /* EssentialFeedCacheIntegrationTests.swift */; };
		187C2E872740289A0002B331 /* EssentialFeed.framework in Frameworks */ = {isa = PBXBuildFile; fileRef = 1879C99A26C68C7000489C7B /* EssentialFeed.framework */; };
		187C2E8D27402A6E0002B331 /* XCTest+Extension.swift in Sources */ = {isa = PBXBuildFile; fileRef = 186F3E8526ECCDDF00C36812 /* XCTest+Extension.swift */; };
		18876FF526D1775400DFDD2F /* RemoteFeedLoader.swift in Sources */ = {isa = PBXBuildFile; fileRef = 18876FF426D1775400DFDD2F /* RemoteFeedLoader.swift */; };
		188C13A42719C98600E0D45E /* ValidateFeedCacheUseCaseTests.swift in Sources */ = {isa = PBXBuildFile; fileRef = 188C13A32719C98600E0D45E /* ValidateFeedCacheUseCaseTests.swift */; };
		188C13A62720931300E0D45E /* FeedCachePolicy.swift in Sources */ = {isa = PBXBuildFile; fileRef = 188C13A52720931300E0D45E /* FeedCachePolicy.swift */; };
		189015DC27161F6E007FEE8F /* RemoteFeedItem.swift in Sources */ = {isa = PBXBuildFile; fileRef = 189015DB27161F6E007FEE8F /* RemoteFeedItem.swift */; };
		189015DE27161FBE007FEE8F /* LocalFeedImage.swift in Sources */ = {isa = PBXBuildFile; fileRef = 189015DD27161FBE007FEE8F /* LocalFeedImage.swift */; };
		18B3161C271843C6009B463A /* LoadFeedFromCacheUseCaseTests.swift in Sources */ = {isa = PBXBuildFile; fileRef = 18B3161B271843C6009B463A /* LoadFeedFromCacheUseCaseTests.swift */; };
		18B3161F27184504009B463A /* FeedStoreSpy.swift in Sources */ = {isa = PBXBuildFile; fileRef = 18B3161E27184504009B463A /* FeedStoreSpy.swift */; };
		18BA72F326ED153100875F0E /* EssentialFeedApiEndToEndTests.swift in Sources */ = {isa = PBXBuildFile; fileRef = 18BA72F226ED153100875F0E /* EssentialFeedApiEndToEndTests.swift */; };
		18BA72F526ED153100875F0E /* EssentialFeed.framework in Frameworks */ = {isa = PBXBuildFile; fileRef = 1879C99A26C68C7000489C7B /* EssentialFeed.framework */; };
		18BA72FB26ED256200875F0E /* XCTest+Extension.swift in Sources */ = {isa = PBXBuildFile; fileRef = 186F3E8526ECCDDF00C36812 /* XCTest+Extension.swift */; };
/* End PBXBuildFile section */

/* Begin PBXContainerItemProxy section */
		1832B291275BCCE400353707 /* PBXContainerItemProxy */ = {
			isa = PBXContainerItemProxy;
			containerPortal = 1879C99126C68C7000489C7B /* Project object */;
			proxyType = 1;
			remoteGlobalIDString = 1832B285275BCCE400353707;
			remoteInfo = EssentialFeediOS;
		};
		1832B2B0275CECF500353707 /* PBXContainerItemProxy */ = {
			isa = PBXContainerItemProxy;
			containerPortal = 1879C99126C68C7000489C7B /* Project object */;
			proxyType = 1;
			remoteGlobalIDString = 1879C99926C68C7000489C7B;
			remoteInfo = EssentialFeed;
		};
		1879C9A526C68C7100489C7B /* PBXContainerItemProxy */ = {
			isa = PBXContainerItemProxy;
			containerPortal = 1879C99126C68C7000489C7B /* Project object */;
			proxyType = 1;
			remoteGlobalIDString = 1879C99926C68C7000489C7B;
			remoteInfo = EssentialFeed;
		};
		187C2E882740289A0002B331 /* PBXContainerItemProxy */ = {
			isa = PBXContainerItemProxy;
			containerPortal = 1879C99126C68C7000489C7B /* Project object */;
			proxyType = 1;
			remoteGlobalIDString = 1879C99926C68C7000489C7B;
			remoteInfo = EssentialFeed;
		};
		18BA72F626ED153100875F0E /* PBXContainerItemProxy */ = {
			isa = PBXContainerItemProxy;
			containerPortal = 1879C99126C68C7000489C7B /* Project object */;
			proxyType = 1;
			remoteGlobalIDString = 1879C99926C68C7000489C7B;
			remoteInfo = EssentialFeed;
		};
/* End PBXContainerItemProxy section */

/* Begin PBXCopyFilesBuildPhase section */
		1832B2B2275CECF500353707 /* Embed Frameworks */ = {
			isa = PBXCopyFilesBuildPhase;
			buildActionMask = 2147483647;
			dstPath = "";
			dstSubfolderSpec = 10;
			files = (
				1832B2AF275CECF500353707 /* EssentialFeed.framework in Embed Frameworks */,
			);
			name = "Embed Frameworks";
			runOnlyForDeploymentPostprocessing = 0;
		};
/* End PBXCopyFilesBuildPhase section */

/* Begin PBXFileReference section */
		180565EC2707987500B82107 /* CacheFeedUseCaseTests.swift */ = {isa = PBXFileReference; lastKnownFileType = sourcecode.swift; path = CacheFeedUseCaseTests.swift; sourceTree = "<group>"; };
		180565EF2714C5D600B82107 /* LocalFeedLoader.swift */ = {isa = PBXFileReference; lastKnownFileType = sourcecode.swift; path = LocalFeedLoader.swift; sourceTree = "<group>"; };
		180565F12714C67100B82107 /* FeedStoreProtocol.swift */ = {isa = PBXFileReference; lastKnownFileType = sourcecode.swift; path = FeedStoreProtocol.swift; sourceTree = "<group>"; };
		180F7EF826E20FF40045CAE9 /* URLSessionHTTPClientTests.swift */ = {isa = PBXFileReference; lastKnownFileType = sourcecode.swift; path = URLSessionHTTPClientTests.swift; sourceTree = "<group>"; };
		1832B286275BCCE400353707 /* EssentialFeediOS.framework */ = {isa = PBXFileReference; explicitFileType = wrapper.framework; includeInIndex = 0; path = EssentialFeediOS.framework; sourceTree = BUILT_PRODUCTS_DIR; };
		1832B289275BCCE400353707 /* EssentialFeediOS.docc */ = {isa = PBXFileReference; lastKnownFileType = folder.documentationcatalog; path = EssentialFeediOS.docc; sourceTree = "<group>"; };
		1832B28F275BCCE400353707 /* EssentialFeediOSTests.xctest */ = {isa = PBXFileReference; explicitFileType = wrapper.cfbundle; includeInIndex = 0; path = EssentialFeediOSTests.xctest; sourceTree = BUILT_PRODUCTS_DIR; };
		1832B29D275CE6FD00353707 /* FeedViewControllerTests.swift */ = {isa = PBXFileReference; lastKnownFileType = sourcecode.swift; path = FeedViewControllerTests.swift; sourceTree = "<group>"; };
		183CA57426DBE88000DEEA0C /* FeedItemMapper.swift */ = {isa = PBXFileReference; lastKnownFileType = sourcecode.swift; path = FeedItemMapper.swift; sourceTree = "<group>"; };
		183CA57626DBE8F100DEEA0C /* HTTPClientProtocol.swift */ = {isa = PBXFileReference; lastKnownFileType = sourcecode.swift; path = HTTPClientProtocol.swift; sourceTree = "<group>"; };
		185B8F6A273324070003541E /* FeedStoreSpecs.swift */ = {isa = PBXFileReference; lastKnownFileType = sourcecode.swift; path = FeedStoreSpecs.swift; sourceTree = "<group>"; };
		185B8F6C2733248C0003541E /* Extension+FeedStoreSpecs.swift */ = {isa = PBXFileReference; lastKnownFileType = sourcecode.swift; path = "Extension+FeedStoreSpecs.swift"; sourceTree = "<group>"; };
		186F3E8526ECCDDF00C36812 /* XCTest+Extension.swift */ = {isa = PBXFileReference; lastKnownFileType = sourcecode.swift; path = "XCTest+Extension.swift"; sourceTree = "<group>"; };
		186F3E8726ECF77000C36812 /* URLSessionHTTPClient.swift */ = {isa = PBXFileReference; lastKnownFileType = sourcecode.swift; path = URLSessionHTTPClient.swift; sourceTree = "<group>"; };
		1879C99A26C68C7000489C7B /* EssentialFeed.framework */ = {isa = PBXFileReference; explicitFileType = wrapper.framework; includeInIndex = 0; path = EssentialFeed.framework; sourceTree = BUILT_PRODUCTS_DIR; };
		1879C99D26C68C7000489C7B /* EssentialFeed.h */ = {isa = PBXFileReference; lastKnownFileType = sourcecode.c.h; path = EssentialFeed.h; sourceTree = "<group>"; };
		1879C99E26C68C7000489C7B /* Info.plist */ = {isa = PBXFileReference; lastKnownFileType = text.plist.xml; path = Info.plist; sourceTree = "<group>"; };
		1879C9A326C68C7100489C7B /* EssentialFeedTests.xctest */ = {isa = PBXFileReference; explicitFileType = wrapper.cfbundle; includeInIndex = 0; path = EssentialFeedTests.xctest; sourceTree = BUILT_PRODUCTS_DIR; };
		1879C9AA26C68C7100489C7B /* Info.plist */ = {isa = PBXFileReference; lastKnownFileType = text.plist.xml; path = Info.plist; sourceTree = "<group>"; };
		1879C9B426C68CB300489C7B /* FeedLoader.swift */ = {isa = PBXFileReference; lastKnownFileType = sourcecode.swift; path = FeedLoader.swift; sourceTree = "<group>"; };
		1879C9B626C68D1E00489C7B /* FeedImage.swift */ = {isa = PBXFileReference; lastKnownFileType = sourcecode.swift; path = FeedImage.swift; sourceTree = "<group>"; };
		1879C9B926C68E0200489C7B /* LoadFeedFromRemoteUseCaseTests.swift */ = {isa = PBXFileReference; lastKnownFileType = sourcecode.swift; path = LoadFeedFromRemoteUseCaseTests.swift; sourceTree = "<group>"; };
		187C2E582739C3EA0002B331 /* CoreDataFeedStoreTests.swift */ = {isa = PBXFileReference; lastKnownFileType = sourcecode.swift; path = CoreDataFeedStoreTests.swift; sourceTree = "<group>"; };
		187C2E5A2739C5590002B331 /* CoreDataFeedStore.swift */ = {isa = PBXFileReference; lastKnownFileType = sourcecode.swift; path = CoreDataFeedStore.swift; sourceTree = "<group>"; };
		187C2E6B273C64AB0002B331 /* FeedStore.xcdatamodel */ = {isa = PBXFileReference; lastKnownFileType = wrapper.xcdatamodel; path = FeedStore.xcdatamodel; sourceTree = "<group>"; };
		187C2E79273FFC940002B331 /* CoreDataHelpers.swift */ = {isa = PBXFileReference; lastKnownFileType = sourcecode.swift; path = CoreDataHelpers.swift; sourceTree = "<group>"; };
		187C2E7B273FFCE90002B331 /* ManagedCache.swift */ = {isa = PBXFileReference; lastKnownFileType = sourcecode.swift; path = ManagedCache.swift; sourceTree = "<group>"; };
		187C2E7D273FFD190002B331 /* ManagedFeedImage.swift */ = {isa = PBXFileReference; lastKnownFileType = sourcecode.swift; path = ManagedFeedImage.swift; sourceTree = "<group>"; };
		187C2E83274028990002B331 /* EssentialFeedCacheIntegrationTests.xctest */ = {isa = PBXFileReference; explicitFileType = wrapper.cfbundle; includeInIndex = 0; path = EssentialFeedCacheIntegrationTests.xctest; sourceTree = BUILT_PRODUCTS_DIR; };
		187C2E852740289A0002B331 /* EssentialFeedCacheIntegrationTests.swift */ = {isa = PBXFileReference; lastKnownFileType = sourcecode.swift; path = EssentialFeedCacheIntegrationTests.swift; sourceTree = "<group>"; };
		18876FF426D1775400DFDD2F /* RemoteFeedLoader.swift */ = {isa = PBXFileReference; lastKnownFileType = sourcecode.swift; path = RemoteFeedLoader.swift; sourceTree = "<group>"; };
		188C13A32719C98600E0D45E /* ValidateFeedCacheUseCaseTests.swift */ = {isa = PBXFileReference; lastKnownFileType = sourcecode.swift; path = ValidateFeedCacheUseCaseTests.swift; sourceTree = "<group>"; };
		188C13A52720931300E0D45E /* FeedCachePolicy.swift */ = {isa = PBXFileReference; lastKnownFileType = sourcecode.swift; path = FeedCachePolicy.swift; sourceTree = "<group>"; };
		189015DB27161F6E007FEE8F /* RemoteFeedItem.swift */ = {isa = PBXFileReference; lastKnownFileType = sourcecode.swift; path = RemoteFeedItem.swift; sourceTree = "<group>"; };
		189015DD27161FBE007FEE8F /* LocalFeedImage.swift */ = {isa = PBXFileReference; lastKnownFileType = sourcecode.swift; path = LocalFeedImage.swift; sourceTree = "<group>"; };
		18B3161B271843C6009B463A /* LoadFeedFromCacheUseCaseTests.swift */ = {isa = PBXFileReference; lastKnownFileType = sourcecode.swift; path = LoadFeedFromCacheUseCaseTests.swift; sourceTree = "<group>"; };
		18B3161E27184504009B463A /* FeedStoreSpy.swift */ = {isa = PBXFileReference; lastKnownFileType = sourcecode.swift; path = FeedStoreSpy.swift; sourceTree = "<group>"; };
		18BA72F026ED153100875F0E /* EssentialFeedApiEndToEndTests.xctest */ = {isa = PBXFileReference; explicitFileType = wrapper.cfbundle; includeInIndex = 0; path = EssentialFeedApiEndToEndTests.xctest; sourceTree = BUILT_PRODUCTS_DIR; };
		18BA72F226ED153100875F0E /* EssentialFeedApiEndToEndTests.swift */ = {isa = PBXFileReference; lastKnownFileType = sourcecode.swift; path = EssentialFeedApiEndToEndTests.swift; sourceTree = "<group>"; };
		18BA72F426ED153100875F0E /* Info.plist */ = {isa = PBXFileReference; lastKnownFileType = text.plist.xml; path = Info.plist; sourceTree = "<group>"; };
/* End PBXFileReference section */

/* Begin PBXFrameworksBuildPhase section */
		1832B283275BCCE400353707 /* Frameworks */ = {
			isa = PBXFrameworksBuildPhase;
			buildActionMask = 2147483647;
			files = (
				1832B2AE275CECF500353707 /* EssentialFeed.framework in Frameworks */,
			);
			runOnlyForDeploymentPostprocessing = 0;
		};
		1832B28C275BCCE400353707 /* Frameworks */ = {
			isa = PBXFrameworksBuildPhase;
			buildActionMask = 2147483647;
			files = (
				1832B290275BCCE400353707 /* EssentialFeediOS.framework in Frameworks */,
			);
			runOnlyForDeploymentPostprocessing = 0;
		};
		1879C99726C68C7000489C7B /* Frameworks */ = {
			isa = PBXFrameworksBuildPhase;
			buildActionMask = 2147483647;
			files = (
			);
			runOnlyForDeploymentPostprocessing = 0;
		};
		1879C9A026C68C7100489C7B /* Frameworks */ = {
			isa = PBXFrameworksBuildPhase;
			buildActionMask = 2147483647;
			files = (
				1879C9A426C68C7100489C7B /* EssentialFeed.framework in Frameworks */,
			);
			runOnlyForDeploymentPostprocessing = 0;
		};
		187C2E80274028990002B331 /* Frameworks */ = {
			isa = PBXFrameworksBuildPhase;
			buildActionMask = 2147483647;
			files = (
				187C2E872740289A0002B331 /* EssentialFeed.framework in Frameworks */,
			);
			runOnlyForDeploymentPostprocessing = 0;
		};
		18BA72ED26ED153100875F0E /* Frameworks */ = {
			isa = PBXFrameworksBuildPhase;
			buildActionMask = 2147483647;
			files = (
				18BA72F526ED153100875F0E /* EssentialFeed.framework in Frameworks */,
			);
			runOnlyForDeploymentPostprocessing = 0;
		};
/* End PBXFrameworksBuildPhase section */

/* Begin PBXGroup section */
		180565EB2707984C00B82107 /* Feed Cache */ = {
			isa = PBXGroup;
			children = (
				18B3161D271844ED009B463A /* Helpers */,
				180565EC2707987500B82107 /* CacheFeedUseCaseTests.swift */,
				18B3161B271843C6009B463A /* LoadFeedFromCacheUseCaseTests.swift */,
				188C13A32719C98600E0D45E /* ValidateFeedCacheUseCaseTests.swift */,
				187C2E582739C3EA0002B331 /* CoreDataFeedStoreTests.swift */,
				185B8F6A273324070003541E /* FeedStoreSpecs.swift */,
				185B8F6C2733248C0003541E /* Extension+FeedStoreSpecs.swift */,
			);
			path = "Feed Cache";
			sourceTree = "<group>";
		};
		180565EE2714C5A100B82107 /* FeedCache */ = {
			isa = PBXGroup;
			children = (
				180565EF2714C5D600B82107 /* LocalFeedLoader.swift */,
				188C13A52720931300E0D45E /* FeedCachePolicy.swift */,
				180565F12714C67100B82107 /* FeedStoreProtocol.swift */,
				187C2E76273FFBB60002B331 /* Infrastructure */,
			);
			path = FeedCache;
			sourceTree = "<group>";
		};
		1832B287275BCCE400353707 /* EssentialFeediOS */ = {
			isa = PBXGroup;
			children = (
				1832B289275BCCE400353707 /* EssentialFeediOS.docc */,
			);
			path = EssentialFeediOS;
			sourceTree = "<group>";
		};
		1832B293275BCCE400353707 /* EssentialFeediOSTests */ = {
			isa = PBXGroup;
			children = (
				1832B29D275CE6FD00353707 /* FeedViewControllerTests.swift */,
			);
			path = EssentialFeediOSTests;
			sourceTree = "<group>";
		};
		1832B2AD275CECF500353707 /* Frameworks */ = {
			isa = PBXGroup;
			children = (
			);
			name = Frameworks;
			sourceTree = "<group>";
		};
		183CA57326DBE84E00DEEA0C /* API */ = {
			isa = PBXGroup;
			children = (
				1879C9B926C68E0200489C7B /* LoadFeedFromRemoteUseCaseTests.swift */,
				180F7EF826E20FF40045CAE9 /* URLSessionHTTPClientTests.swift */,
			);
			path = API;
			sourceTree = "<group>";
		};
		186F3E8426ECCDC400C36812 /* Helpers */ = {
			isa = PBXGroup;
			children = (
				186F3E8526ECCDDF00C36812 /* XCTest+Extension.swift */,
			);
			path = Helpers;
			sourceTree = "<group>";
		};
		1879C99026C68C7000489C7B = {
			isa = PBXGroup;
			children = (
				1879C99C26C68C7000489C7B /* EssentialFeed */,
				1879C9A726C68C7100489C7B /* EssentialFeedTests */,
				18BA72F126ED153100875F0E /* EssentialFeedApiEndToEndTests */,
				187C2E842740289A0002B331 /* EssentialFeedCacheIntegrationTests */,
				1832B287275BCCE400353707 /* EssentialFeediOS */,
				1832B293275BCCE400353707 /* EssentialFeediOSTests */,
				1879C99B26C68C7000489C7B /* Products */,
				1832B2AD275CECF500353707 /* Frameworks */,
			);
			sourceTree = "<group>";
		};
		1879C99B26C68C7000489C7B /* Products */ = {
			isa = PBXGroup;
			children = (
				1879C99A26C68C7000489C7B /* EssentialFeed.framework */,
				1879C9A326C68C7100489C7B /* EssentialFeedTests.xctest */,
				18BA72F026ED153100875F0E /* EssentialFeedApiEndToEndTests.xctest */,
				187C2E83274028990002B331 /* EssentialFeedCacheIntegrationTests.xctest */,
				1832B286275BCCE400353707 /* EssentialFeediOS.framework */,
				1832B28F275BCCE400353707 /* EssentialFeediOSTests.xctest */,
			);
			name = Products;
			sourceTree = "<group>";
		};
		1879C99C26C68C7000489C7B /* EssentialFeed */ = {
			isa = PBXGroup;
			children = (
				180565EE2714C5A100B82107 /* FeedCache */,
				18876FF326D1772200DFDD2F /* API */,
				1879C99D26C68C7000489C7B /* EssentialFeed.h */,
				1879C99E26C68C7000489C7B /* Info.plist */,
				1879C9B826C68D6300489C7B /* Feed Feature */,
			);
			path = EssentialFeed;
			sourceTree = "<group>";
		};
		1879C9A726C68C7100489C7B /* EssentialFeedTests */ = {
			isa = PBXGroup;
			children = (
				180565EB2707984C00B82107 /* Feed Cache */,
				186F3E8426ECCDC400C36812 /* Helpers */,
				183CA57326DBE84E00DEEA0C /* API */,
				1879C9AA26C68C7100489C7B /* Info.plist */,
			);
			path = EssentialFeedTests;
			sourceTree = "<group>";
		};
		1879C9B826C68D6300489C7B /* Feed Feature */ = {
			isa = PBXGroup;
			children = (
				1879C9B626C68D1E00489C7B /* FeedImage.swift */,
				1879C9B426C68CB300489C7B /* FeedLoader.swift */,
			);
			path = "Feed Feature";
			sourceTree = "<group>";
		};
		187C2E76273FFBB60002B331 /* Infrastructure */ = {
			isa = PBXGroup;
			children = (
				187C2E77273FFBC60002B331 /* CoreData */,
			);
			path = Infrastructure;
			sourceTree = "<group>";
		};
		187C2E77273FFBC60002B331 /* CoreData */ = {
			isa = PBXGroup;
			children = (
				187C2E5A2739C5590002B331 /* CoreDataFeedStore.swift */,
				187C2E6A273C64AB0002B331 /* FeedStore.xcdatamodeld */,
				187C2E79273FFC940002B331 /* CoreDataHelpers.swift */,
				187C2E7B273FFCE90002B331 /* ManagedCache.swift */,
				187C2E7D273FFD190002B331 /* ManagedFeedImage.swift */,
			);
			path = CoreData;
			sourceTree = "<group>";
		};
		187C2E842740289A0002B331 /* EssentialFeedCacheIntegrationTests */ = {
			isa = PBXGroup;
			children = (
				187C2E852740289A0002B331 /* EssentialFeedCacheIntegrationTests.swift */,
			);
			path = EssentialFeedCacheIntegrationTests;
			sourceTree = "<group>";
		};
		18876FF326D1772200DFDD2F /* API */ = {
			isa = PBXGroup;
			children = (
				18876FF426D1775400DFDD2F /* RemoteFeedLoader.swift */,
				183CA57426DBE88000DEEA0C /* FeedItemMapper.swift */,
				183CA57626DBE8F100DEEA0C /* HTTPClientProtocol.swift */,
				189015DD27161FBE007FEE8F /* LocalFeedImage.swift */,
				186F3E8726ECF77000C36812 /* URLSessionHTTPClient.swift */,
				189015DB27161F6E007FEE8F /* RemoteFeedItem.swift */,
			);
			path = API;
			sourceTree = "<group>";
		};
		18B3161D271844ED009B463A /* Helpers */ = {
			isa = PBXGroup;
			children = (
				18B3161E27184504009B463A /* FeedStoreSpy.swift */,
			);
			path = Helpers;
			sourceTree = "<group>";
		};
		18BA72F126ED153100875F0E /* EssentialFeedApiEndToEndTests */ = {
			isa = PBXGroup;
			children = (
				18BA72F226ED153100875F0E /* EssentialFeedApiEndToEndTests.swift */,
				18BA72F426ED153100875F0E /* Info.plist */,
			);
			path = EssentialFeedApiEndToEndTests;
			sourceTree = "<group>";
		};
/* End PBXGroup section */

/* Begin PBXHeadersBuildPhase section */
		1832B281275BCCE400353707 /* Headers */ = {
			isa = PBXHeadersBuildPhase;
			buildActionMask = 2147483647;
			files = (
			);
			runOnlyForDeploymentPostprocessing = 0;
		};
		1879C99526C68C7000489C7B /* Headers */ = {
			isa = PBXHeadersBuildPhase;
			buildActionMask = 2147483647;
			files = (
				1879C9AB26C68C7100489C7B /* EssentialFeed.h in Headers */,
			);
			runOnlyForDeploymentPostprocessing = 0;
		};
/* End PBXHeadersBuildPhase section */

/* Begin PBXNativeTarget section */
		1832B285275BCCE400353707 /* EssentialFeediOS */ = {
			isa = PBXNativeTarget;
			buildConfigurationList = 1832B297275BCCE400353707 /* Build configuration list for PBXNativeTarget "EssentialFeediOS" */;
			buildPhases = (
				1832B281275BCCE400353707 /* Headers */,
				1832B282275BCCE400353707 /* Sources */,
				1832B283275BCCE400353707 /* Frameworks */,
				1832B284275BCCE400353707 /* Resources */,
				1832B2B2275CECF500353707 /* Embed Frameworks */,
			);
			buildRules = (
			);
			dependencies = (
				1832B2B1275CECF500353707 /* PBXTargetDependency */,
			);
			name = EssentialFeediOS;
			productName = EssentialFeediOS;
			productReference = 1832B286275BCCE400353707 /* EssentialFeediOS.framework */;
			productType = "com.apple.product-type.framework";
		};
		1832B28E275BCCE400353707 /* EssentialFeediOSTests */ = {
			isa = PBXNativeTarget;
			buildConfigurationList = 1832B29A275BCCE400353707 /* Build configuration list for PBXNativeTarget "EssentialFeediOSTests" */;
			buildPhases = (
				1832B28B275BCCE400353707 /* Sources */,
				1832B28C275BCCE400353707 /* Frameworks */,
				1832B28D275BCCE400353707 /* Resources */,
			);
			buildRules = (
			);
			dependencies = (
				1832B292275BCCE400353707 /* PBXTargetDependency */,
			);
			name = EssentialFeediOSTests;
			productName = EssentialFeediOSTests;
			productReference = 1832B28F275BCCE400353707 /* EssentialFeediOSTests.xctest */;
			productType = "com.apple.product-type.bundle.unit-test";
		};
		1879C99926C68C7000489C7B /* EssentialFeed */ = {
			isa = PBXNativeTarget;
			buildConfigurationList = 1879C9AE26C68C7100489C7B /* Build configuration list for PBXNativeTarget "EssentialFeed" */;
			buildPhases = (
				1879C99526C68C7000489C7B /* Headers */,
				1879C99626C68C7000489C7B /* Sources */,
				1879C99726C68C7000489C7B /* Frameworks */,
				1879C99826C68C7000489C7B /* Resources */,
			);
			buildRules = (
			);
			dependencies = (
			);
			name = EssentialFeed;
			productName = EssentialFeed;
			productReference = 1879C99A26C68C7000489C7B /* EssentialFeed.framework */;
			productType = "com.apple.product-type.framework";
		};
		1879C9A226C68C7100489C7B /* EssentialFeedTests */ = {
			isa = PBXNativeTarget;
			buildConfigurationList = 1879C9B126C68C7100489C7B /* Build configuration list for PBXNativeTarget "EssentialFeedTests" */;
			buildPhases = (
				1879C99F26C68C7100489C7B /* Sources */,
				1879C9A026C68C7100489C7B /* Frameworks */,
				1879C9A126C68C7100489C7B /* Resources */,
			);
			buildRules = (
			);
			dependencies = (
				1879C9A626C68C7100489C7B /* PBXTargetDependency */,
			);
			name = EssentialFeedTests;
			productName = EssentialFeedTests;
			productReference = 1879C9A326C68C7100489C7B /* EssentialFeedTests.xctest */;
			productType = "com.apple.product-type.bundle.unit-test";
		};
		187C2E82274028990002B331 /* EssentialFeedCacheIntegrationTests */ = {
			isa = PBXNativeTarget;
			buildConfigurationList = 187C2E8A2740289A0002B331 /* Build configuration list for PBXNativeTarget "EssentialFeedCacheIntegrationTests" */;
			buildPhases = (
				187C2E7F274028990002B331 /* Sources */,
				187C2E80274028990002B331 /* Frameworks */,
				187C2E81274028990002B331 /* Resources */,
			);
			buildRules = (
			);
			dependencies = (
				187C2E892740289A0002B331 /* PBXTargetDependency */,
			);
			name = EssentialFeedCacheIntegrationTests;
			productName = EssentialFeedCacheIntegrationTests;
			productReference = 187C2E83274028990002B331 /* EssentialFeedCacheIntegrationTests.xctest */;
			productType = "com.apple.product-type.bundle.unit-test";
		};
		18BA72EF26ED153100875F0E /* EssentialFeedApiEndToEndTests */ = {
			isa = PBXNativeTarget;
			buildConfigurationList = 18BA72FA26ED153100875F0E /* Build configuration list for PBXNativeTarget "EssentialFeedApiEndToEndTests" */;
			buildPhases = (
				18BA72EC26ED153100875F0E /* Sources */,
				18BA72ED26ED153100875F0E /* Frameworks */,
				18BA72EE26ED153100875F0E /* Resources */,
			);
			buildRules = (
			);
			dependencies = (
				18BA72F726ED153100875F0E /* PBXTargetDependency */,
			);
			name = EssentialFeedApiEndToEndTests;
			productName = EssentialFeedApiEndToEndTests;
			productReference = 18BA72F026ED153100875F0E /* EssentialFeedApiEndToEndTests.xctest */;
			productType = "com.apple.product-type.bundle.unit-test";
		};
/* End PBXNativeTarget section */

/* Begin PBXProject section */
		1879C99126C68C7000489C7B /* Project object */ = {
			isa = PBXProject;
			attributes = {
				LastSwiftUpdateCheck = 1310;
				LastUpgradeCheck = 1250;
				TargetAttributes = {
					1832B285275BCCE400353707 = {
						CreatedOnToolsVersion = 13.1;
					};
					1832B28E275BCCE400353707 = {
						CreatedOnToolsVersion = 13.1;
						LastSwiftMigration = 1310;
					};
					1879C99926C68C7000489C7B = {
						CreatedOnToolsVersion = 12.5.1;
						LastSwiftMigration = 1250;
					};
					1879C9A226C68C7100489C7B = {
						CreatedOnToolsVersion = 12.5.1;
					};
					187C2E82274028990002B331 = {
						CreatedOnToolsVersion = 13.1;
					};
					18BA72EF26ED153100875F0E = {
						CreatedOnToolsVersion = 12.5.1;
					};
				};
			};
			buildConfigurationList = 1879C99426C68C7000489C7B /* Build configuration list for PBXProject "EssentialFeed" */;
			compatibilityVersion = "Xcode 9.3";
			developmentRegion = en;
			hasScannedForEncodings = 0;
			knownRegions = (
				en,
				Base,
			);
			mainGroup = 1879C99026C68C7000489C7B;
			productRefGroup = 1879C99B26C68C7000489C7B /* Products */;
			projectDirPath = "";
			projectRoot = "";
			targets = (
				1879C99926C68C7000489C7B /* EssentialFeed */,
				1879C9A226C68C7100489C7B /* EssentialFeedTests */,
				18BA72EF26ED153100875F0E /* EssentialFeedApiEndToEndTests */,
				187C2E82274028990002B331 /* EssentialFeedCacheIntegrationTests */,
				1832B285275BCCE400353707 /* EssentialFeediOS */,
				1832B28E275BCCE400353707 /* EssentialFeediOSTests */,
			);
		};
/* End PBXProject section */

/* Begin PBXResourcesBuildPhase section */
		1832B284275BCCE400353707 /* Resources */ = {
			isa = PBXResourcesBuildPhase;
			buildActionMask = 2147483647;
			files = (
			);
			runOnlyForDeploymentPostprocessing = 0;
		};
		1832B28D275BCCE400353707 /* Resources */ = {
			isa = PBXResourcesBuildPhase;
			buildActionMask = 2147483647;
			files = (
			);
			runOnlyForDeploymentPostprocessing = 0;
		};
		1879C99826C68C7000489C7B /* Resources */ = {
			isa = PBXResourcesBuildPhase;
			buildActionMask = 2147483647;
			files = (
			);
			runOnlyForDeploymentPostprocessing = 0;
		};
		1879C9A126C68C7100489C7B /* Resources */ = {
			isa = PBXResourcesBuildPhase;
			buildActionMask = 2147483647;
			files = (
			);
			runOnlyForDeploymentPostprocessing = 0;
		};
		187C2E81274028990002B331 /* Resources */ = {
			isa = PBXResourcesBuildPhase;
			buildActionMask = 2147483647;
			files = (
			);
			runOnlyForDeploymentPostprocessing = 0;
		};
		18BA72EE26ED153100875F0E /* Resources */ = {
			isa = PBXResourcesBuildPhase;
			buildActionMask = 2147483647;
			files = (
			);
			runOnlyForDeploymentPostprocessing = 0;
		};
/* End PBXResourcesBuildPhase section */

/* Begin PBXSourcesBuildPhase section */
		1832B282275BCCE400353707 /* Sources */ = {
			isa = PBXSourcesBuildPhase;
			buildActionMask = 2147483647;
			files = (
				1832B28A275BCCE400353707 /* EssentialFeediOS.docc in Sources */,
			);
			runOnlyForDeploymentPostprocessing = 0;
		};
		1832B28B275BCCE400353707 /* Sources */ = {
			isa = PBXSourcesBuildPhase;
			buildActionMask = 2147483647;
			files = (
				1832B2B3275CED7E00353707 /* XCTest+Extension.swift in Sources */,
				1832B29E275CE6FD00353707 /* FeedViewControllerTests.swift in Sources */,
			);
			runOnlyForDeploymentPostprocessing = 0;
		};
		1879C99626C68C7000489C7B /* Sources */ = {
			isa = PBXSourcesBuildPhase;
			buildActionMask = 2147483647;
			files = (
				187C2E7A273FFC940002B331 /* CoreDataHelpers.swift in Sources */,
				183CA57726DBE8F100DEEA0C /* HTTPClientProtocol.swift in Sources */,
				1879C9B726C68D1E00489C7B /* FeedImage.swift in Sources */,
				189015DC27161F6E007FEE8F /* RemoteFeedItem.swift in Sources */,
				188C13A62720931300E0D45E /* FeedCachePolicy.swift in Sources */,
				18876FF526D1775400DFDD2F /* RemoteFeedLoader.swift in Sources */,
				187C2E6C273C64AB0002B331 /* FeedStore.xcdatamodeld in Sources */,
				189015DE27161FBE007FEE8F /* LocalFeedImage.swift in Sources */,
				180565F02714C5D600B82107 /* LocalFeedLoader.swift in Sources */,
				1879C9B526C68CB300489C7B /* FeedLoader.swift in Sources */,
				180565F22714C67100B82107 /* FeedStoreProtocol.swift in Sources */,
				183CA57526DBE88000DEEA0C /* FeedItemMapper.swift in Sources */,
				186F3E8826ECF77000C36812 /* URLSessionHTTPClient.swift in Sources */,
				187C2E7C273FFCE90002B331 /* ManagedCache.swift in Sources */,
				187C2E5B2739C5590002B331 /* CoreDataFeedStore.swift in Sources */,
				187C2E7E273FFD190002B331 /* ManagedFeedImage.swift in Sources */,
			);
			runOnlyForDeploymentPostprocessing = 0;
		};
		1879C99F26C68C7100489C7B /* Sources */ = {
			isa = PBXSourcesBuildPhase;
			buildActionMask = 2147483647;
			files = (
				188C13A42719C98600E0D45E /* ValidateFeedCacheUseCaseTests.swift in Sources */,
				187C2E592739C3EA0002B331 /* CoreDataFeedStoreTests.swift in Sources */,
				185B8F6B273324070003541E /* FeedStoreSpecs.swift in Sources */,
				1879C9BA26C68E0200489C7B /* LoadFeedFromRemoteUseCaseTests.swift in Sources */,
				180F7EF926E20FF40045CAE9 /* URLSessionHTTPClientTests.swift in Sources */,
				18B3161F27184504009B463A /* FeedStoreSpy.swift in Sources */,
				185B8F6D2733248C0003541E /* Extension+FeedStoreSpecs.swift in Sources */,
				180565ED2707987500B82107 /* CacheFeedUseCaseTests.swift in Sources */,
				18B3161C271843C6009B463A /* LoadFeedFromCacheUseCaseTests.swift in Sources */,
				186F3E8626ECCDDF00C36812 /* XCTest+Extension.swift in Sources */,
			);
			runOnlyForDeploymentPostprocessing = 0;
		};
		187C2E7F274028990002B331 /* Sources */ = {
			isa = PBXSourcesBuildPhase;
			buildActionMask = 2147483647;
			files = (
				187C2E8D27402A6E0002B331 /* XCTest+Extension.swift in Sources */,
				187C2E862740289A0002B331 /* EssentialFeedCacheIntegrationTests.swift in Sources */,
			);
			runOnlyForDeploymentPostprocessing = 0;
		};
		18BA72EC26ED153100875F0E /* Sources */ = {
			isa = PBXSourcesBuildPhase;
			buildActionMask = 2147483647;
			files = (
				18BA72FB26ED256200875F0E /* XCTest+Extension.swift in Sources */,
				18BA72F326ED153100875F0E /* EssentialFeedApiEndToEndTests.swift in Sources */,
			);
			runOnlyForDeploymentPostprocessing = 0;
		};
/* End PBXSourcesBuildPhase section */

/* Begin PBXTargetDependency section */
		1832B292275BCCE400353707 /* PBXTargetDependency */ = {
			isa = PBXTargetDependency;
			target = 1832B285275BCCE400353707 /* EssentialFeediOS */;
			targetProxy = 1832B291275BCCE400353707 /* PBXContainerItemProxy */;
		};
		1832B2B1275CECF500353707 /* PBXTargetDependency */ = {
			isa = PBXTargetDependency;
			target = 1879C99926C68C7000489C7B /* EssentialFeed */;
			targetProxy = 1832B2B0275CECF500353707 /* PBXContainerItemProxy */;
		};
		1879C9A626C68C7100489C7B /* PBXTargetDependency */ = {
			isa = PBXTargetDependency;
			target = 1879C99926C68C7000489C7B /* EssentialFeed */;
			targetProxy = 1879C9A526C68C7100489C7B /* PBXContainerItemProxy */;
		};
		187C2E892740289A0002B331 /* PBXTargetDependency */ = {
			isa = PBXTargetDependency;
			target = 1879C99926C68C7000489C7B /* EssentialFeed */;
			targetProxy = 187C2E882740289A0002B331 /* PBXContainerItemProxy */;
		};
		18BA72F726ED153100875F0E /* PBXTargetDependency */ = {
			isa = PBXTargetDependency;
			target = 1879C99926C68C7000489C7B /* EssentialFeed */;
			targetProxy = 18BA72F626ED153100875F0E /* PBXContainerItemProxy */;
		};
/* End PBXTargetDependency section */

/* Begin XCBuildConfiguration section */
		1832B298275BCCE400353707 /* Debug */ = {
			isa = XCBuildConfiguration;
			buildSettings = {
				CLANG_CXX_LANGUAGE_STANDARD = "gnu++17";
				CODE_SIGN_STYLE = Automatic;
				CURRENT_PROJECT_VERSION = 1;
				DEFINES_MODULE = YES;
				DEVELOPMENT_TEAM = 266M4YU92D;
				DYLIB_COMPATIBILITY_VERSION = 1;
				DYLIB_CURRENT_VERSION = 1;
				DYLIB_INSTALL_NAME_BASE = "@rpath";
				GENERATE_INFOPLIST_FILE = YES;
				INFOPLIST_KEY_NSHumanReadableCopyright = "";
				INSTALL_PATH = "$(LOCAL_LIBRARY_DIR)/Frameworks";
				IPHONEOS_DEPLOYMENT_TARGET = 15.0;
				LD_RUNPATH_SEARCH_PATHS = (
					"$(inherited)",
					"@executable_path/Frameworks",
					"@loader_path/Frameworks",
				);
				MARKETING_VERSION = 1.0;
				PRODUCT_BUNDLE_IDENTIFIER = roman.b.EssentialFeediOS;
				PRODUCT_NAME = "$(TARGET_NAME:c99extidentifier)";
				SKIP_INSTALL = YES;
				SUPPORTED_PLATFORMS = "iphonesimulator iphoneos";
				SWIFT_EMIT_LOC_STRINGS = YES;
				SWIFT_VERSION = 5.0;
				TARGETED_DEVICE_FAMILY = "1,2";
			};
			name = Debug;
		};
		1832B299275BCCE400353707 /* Release */ = {
			isa = XCBuildConfiguration;
			buildSettings = {
				CLANG_CXX_LANGUAGE_STANDARD = "gnu++17";
				CODE_SIGN_STYLE = Automatic;
				CURRENT_PROJECT_VERSION = 1;
				DEFINES_MODULE = YES;
				DEVELOPMENT_TEAM = 266M4YU92D;
				DYLIB_COMPATIBILITY_VERSION = 1;
				DYLIB_CURRENT_VERSION = 1;
				DYLIB_INSTALL_NAME_BASE = "@rpath";
				GENERATE_INFOPLIST_FILE = YES;
				INFOPLIST_KEY_NSHumanReadableCopyright = "";
				INSTALL_PATH = "$(LOCAL_LIBRARY_DIR)/Frameworks";
				IPHONEOS_DEPLOYMENT_TARGET = 15.0;
				LD_RUNPATH_SEARCH_PATHS = (
					"$(inherited)",
					"@executable_path/Frameworks",
					"@loader_path/Frameworks",
				);
				MARKETING_VERSION = 1.0;
				PRODUCT_BUNDLE_IDENTIFIER = roman.b.EssentialFeediOS;
				PRODUCT_NAME = "$(TARGET_NAME:c99extidentifier)";
				SKIP_INSTALL = YES;
				SUPPORTED_PLATFORMS = "iphonesimulator iphoneos";
				SWIFT_EMIT_LOC_STRINGS = YES;
				SWIFT_VERSION = 5.0;
				TARGETED_DEVICE_FAMILY = "1,2";
			};
			name = Release;
		};
		1832B29B275BCCE400353707 /* Debug */ = {
			isa = XCBuildConfiguration;
			buildSettings = {
				CLANG_CXX_LANGUAGE_STANDARD = "gnu++17";
				CLANG_ENABLE_MODULES = YES;
				CODE_SIGN_STYLE = Automatic;
				CURRENT_PROJECT_VERSION = 1;
				DEVELOPMENT_TEAM = 266M4YU92D;
				GENERATE_INFOPLIST_FILE = YES;
				IPHONEOS_DEPLOYMENT_TARGET = 15.0;
				LD_RUNPATH_SEARCH_PATHS = (
					"$(inherited)",
					"@executable_path/Frameworks",
					"@loader_path/Frameworks",
				);
				MARKETING_VERSION = 1.0;
				PRODUCT_BUNDLE_IDENTIFIER = roman.b.EssentialFeediOSTests;
				PRODUCT_NAME = "$(TARGET_NAME)";
				SUPPORTED_PLATFORMS = "iphonesimulator iphoneos";
				SWIFT_EMIT_LOC_STRINGS = NO;
				SWIFT_OPTIMIZATION_LEVEL = "-Onone";
				SWIFT_VERSION = 5.0;
				TARGETED_DEVICE_FAMILY = "1,2";
			};
			name = Debug;
		};
		1832B29C275BCCE400353707 /* Release */ = {
			isa = XCBuildConfiguration;
			buildSettings = {
				CLANG_CXX_LANGUAGE_STANDARD = "gnu++17";
				CLANG_ENABLE_MODULES = YES;
				CODE_SIGN_STYLE = Automatic;
				CURRENT_PROJECT_VERSION = 1;
				DEVELOPMENT_TEAM = 266M4YU92D;
				GENERATE_INFOPLIST_FILE = YES;
				IPHONEOS_DEPLOYMENT_TARGET = 15.0;
				LD_RUNPATH_SEARCH_PATHS = (
					"$(inherited)",
					"@executable_path/Frameworks",
					"@loader_path/Frameworks",
				);
				MARKETING_VERSION = 1.0;
				PRODUCT_BUNDLE_IDENTIFIER = roman.b.EssentialFeediOSTests;
				PRODUCT_NAME = "$(TARGET_NAME)";
				SUPPORTED_PLATFORMS = "iphonesimulator iphoneos";
				SWIFT_EMIT_LOC_STRINGS = NO;
				SWIFT_VERSION = 5.0;
				TARGETED_DEVICE_FAMILY = "1,2";
			};
			name = Release;
		};
		1879C9AC26C68C7100489C7B /* Debug */ = {
			isa = XCBuildConfiguration;
			buildSettings = {
				ALWAYS_SEARCH_USER_PATHS = NO;
				CLANG_ANALYZER_NONNULL = YES;
				CLANG_ANALYZER_NUMBER_OBJECT_CONVERSION = YES_AGGRESSIVE;
				CLANG_CXX_LANGUAGE_STANDARD = "gnu++14";
				CLANG_CXX_LIBRARY = "libc++";
				CLANG_ENABLE_MODULES = YES;
				CLANG_ENABLE_OBJC_ARC = YES;
				CLANG_ENABLE_OBJC_WEAK = YES;
				CLANG_WARN_BLOCK_CAPTURE_AUTORELEASING = YES;
				CLANG_WARN_BOOL_CONVERSION = YES;
				CLANG_WARN_COMMA = YES;
				CLANG_WARN_CONSTANT_CONVERSION = YES;
				CLANG_WARN_DEPRECATED_OBJC_IMPLEMENTATIONS = YES;
				CLANG_WARN_DIRECT_OBJC_ISA_USAGE = YES_ERROR;
				CLANG_WARN_DOCUMENTATION_COMMENTS = YES;
				CLANG_WARN_EMPTY_BODY = YES;
				CLANG_WARN_ENUM_CONVERSION = YES;
				CLANG_WARN_INFINITE_RECURSION = YES;
				CLANG_WARN_INT_CONVERSION = YES;
				CLANG_WARN_NON_LITERAL_NULL_CONVERSION = YES;
				CLANG_WARN_OBJC_IMPLICIT_RETAIN_SELF = YES;
				CLANG_WARN_OBJC_LITERAL_CONVERSION = YES;
				CLANG_WARN_OBJC_ROOT_CLASS = YES_ERROR;
				CLANG_WARN_QUOTED_INCLUDE_IN_FRAMEWORK_HEADER = YES;
				CLANG_WARN_RANGE_LOOP_ANALYSIS = YES;
				CLANG_WARN_STRICT_PROTOTYPES = YES;
				CLANG_WARN_SUSPICIOUS_MOVE = YES;
				CLANG_WARN_UNGUARDED_AVAILABILITY = YES_AGGRESSIVE;
				CLANG_WARN_UNREACHABLE_CODE = YES;
				CLANG_WARN__DUPLICATE_METHOD_MATCH = YES;
				COPY_PHASE_STRIP = NO;
				CURRENT_PROJECT_VERSION = 1;
				DEBUG_INFORMATION_FORMAT = dwarf;
				ENABLE_STRICT_OBJC_MSGSEND = YES;
				ENABLE_TESTABILITY = YES;
				GCC_C_LANGUAGE_STANDARD = gnu11;
				GCC_DYNAMIC_NO_PIC = NO;
				GCC_NO_COMMON_BLOCKS = YES;
				GCC_OPTIMIZATION_LEVEL = 0;
				GCC_PREPROCESSOR_DEFINITIONS = (
					"DEBUG=1",
					"$(inherited)",
				);
				GCC_WARN_64_TO_32_BIT_CONVERSION = YES;
				GCC_WARN_ABOUT_RETURN_TYPE = YES_ERROR;
				GCC_WARN_UNDECLARED_SELECTOR = YES;
				GCC_WARN_UNINITIALIZED_AUTOS = YES_AGGRESSIVE;
				GCC_WARN_UNUSED_FUNCTION = YES;
				GCC_WARN_UNUSED_VARIABLE = YES;
				IPHONEOS_DEPLOYMENT_TARGET = 14.5;
				MTL_ENABLE_DEBUG_INFO = INCLUDE_SOURCE;
				MTL_FAST_MATH = YES;
				ONLY_ACTIVE_ARCH = YES;
				SDKROOT = iphoneos;
				SUPPORTED_PLATFORMS = "iphonesimulator iphoneos macosx";
				SWIFT_ACTIVE_COMPILATION_CONDITIONS = DEBUG;
				SWIFT_OPTIMIZATION_LEVEL = "-Onone";
				VERSIONING_SYSTEM = "apple-generic";
				VERSION_INFO_PREFIX = "";
			};
			name = Debug;
		};
		1879C9AD26C68C7100489C7B /* Release */ = {
			isa = XCBuildConfiguration;
			buildSettings = {
				ALWAYS_SEARCH_USER_PATHS = NO;
				CLANG_ANALYZER_NONNULL = YES;
				CLANG_ANALYZER_NUMBER_OBJECT_CONVERSION = YES_AGGRESSIVE;
				CLANG_CXX_LANGUAGE_STANDARD = "gnu++14";
				CLANG_CXX_LIBRARY = "libc++";
				CLANG_ENABLE_MODULES = YES;
				CLANG_ENABLE_OBJC_ARC = YES;
				CLANG_ENABLE_OBJC_WEAK = YES;
				CLANG_WARN_BLOCK_CAPTURE_AUTORELEASING = YES;
				CLANG_WARN_BOOL_CONVERSION = YES;
				CLANG_WARN_COMMA = YES;
				CLANG_WARN_CONSTANT_CONVERSION = YES;
				CLANG_WARN_DEPRECATED_OBJC_IMPLEMENTATIONS = YES;
				CLANG_WARN_DIRECT_OBJC_ISA_USAGE = YES_ERROR;
				CLANG_WARN_DOCUMENTATION_COMMENTS = YES;
				CLANG_WARN_EMPTY_BODY = YES;
				CLANG_WARN_ENUM_CONVERSION = YES;
				CLANG_WARN_INFINITE_RECURSION = YES;
				CLANG_WARN_INT_CONVERSION = YES;
				CLANG_WARN_NON_LITERAL_NULL_CONVERSION = YES;
				CLANG_WARN_OBJC_IMPLICIT_RETAIN_SELF = YES;
				CLANG_WARN_OBJC_LITERAL_CONVERSION = YES;
				CLANG_WARN_OBJC_ROOT_CLASS = YES_ERROR;
				CLANG_WARN_QUOTED_INCLUDE_IN_FRAMEWORK_HEADER = YES;
				CLANG_WARN_RANGE_LOOP_ANALYSIS = YES;
				CLANG_WARN_STRICT_PROTOTYPES = YES;
				CLANG_WARN_SUSPICIOUS_MOVE = YES;
				CLANG_WARN_UNGUARDED_AVAILABILITY = YES_AGGRESSIVE;
				CLANG_WARN_UNREACHABLE_CODE = YES;
				CLANG_WARN__DUPLICATE_METHOD_MATCH = YES;
				COPY_PHASE_STRIP = NO;
				CURRENT_PROJECT_VERSION = 1;
				DEBUG_INFORMATION_FORMAT = "dwarf-with-dsym";
				ENABLE_NS_ASSERTIONS = NO;
				ENABLE_STRICT_OBJC_MSGSEND = YES;
				GCC_C_LANGUAGE_STANDARD = gnu11;
				GCC_NO_COMMON_BLOCKS = YES;
				GCC_WARN_64_TO_32_BIT_CONVERSION = YES;
				GCC_WARN_ABOUT_RETURN_TYPE = YES_ERROR;
				GCC_WARN_UNDECLARED_SELECTOR = YES;
				GCC_WARN_UNINITIALIZED_AUTOS = YES_AGGRESSIVE;
				GCC_WARN_UNUSED_FUNCTION = YES;
				GCC_WARN_UNUSED_VARIABLE = YES;
				IPHONEOS_DEPLOYMENT_TARGET = 14.5;
				MTL_ENABLE_DEBUG_INFO = NO;
				MTL_FAST_MATH = YES;
				SDKROOT = iphoneos;
				SUPPORTED_PLATFORMS = "iphonesimulator iphoneos macosx";
				SWIFT_COMPILATION_MODE = wholemodule;
				SWIFT_OPTIMIZATION_LEVEL = "-O";
				VALIDATE_PRODUCT = YES;
				VERSIONING_SYSTEM = "apple-generic";
				VERSION_INFO_PREFIX = "";
			};
			name = Release;
		};
		1879C9AF26C68C7100489C7B /* Debug */ = {
			isa = XCBuildConfiguration;
			buildSettings = {
				CLANG_ENABLE_MODULES = YES;
				CODE_SIGN_STYLE = Automatic;
				DEFINES_MODULE = YES;
				DEVELOPMENT_TEAM = 266M4YU92D;
				DYLIB_COMPATIBILITY_VERSION = 1;
				DYLIB_CURRENT_VERSION = 1;
				DYLIB_INSTALL_NAME_BASE = "@rpath";
				INFOPLIST_FILE = EssentialFeed/Info.plist;
				INSTALL_PATH = "$(LOCAL_LIBRARY_DIR)/Frameworks";
				LD_RUNPATH_SEARCH_PATHS = (
					"$(inherited)",
					"@executable_path/Frameworks",
					"@loader_path/Frameworks",
				);
				PRODUCT_BUNDLE_IDENTIFIER = roman.b.EssentialFeed;
				PRODUCT_NAME = "$(TARGET_NAME:c99extidentifier)";
				SKIP_INSTALL = YES;
				SWIFT_OPTIMIZATION_LEVEL = "-Onone";
				SWIFT_VERSION = 5.0;
				TARGETED_DEVICE_FAMILY = "1,2";
			};
			name = Debug;
		};
		1879C9B026C68C7100489C7B /* Release */ = {
			isa = XCBuildConfiguration;
			buildSettings = {
				CLANG_ENABLE_MODULES = YES;
				CODE_SIGN_STYLE = Automatic;
				DEFINES_MODULE = YES;
				DEVELOPMENT_TEAM = 266M4YU92D;
				DYLIB_COMPATIBILITY_VERSION = 1;
				DYLIB_CURRENT_VERSION = 1;
				DYLIB_INSTALL_NAME_BASE = "@rpath";
				INFOPLIST_FILE = EssentialFeed/Info.plist;
				INSTALL_PATH = "$(LOCAL_LIBRARY_DIR)/Frameworks";
				LD_RUNPATH_SEARCH_PATHS = (
					"$(inherited)",
					"@executable_path/Frameworks",
					"@loader_path/Frameworks",
				);
				PRODUCT_BUNDLE_IDENTIFIER = roman.b.EssentialFeed;
				PRODUCT_NAME = "$(TARGET_NAME:c99extidentifier)";
				SKIP_INSTALL = YES;
				SWIFT_VERSION = 5.0;
				TARGETED_DEVICE_FAMILY = "1,2";
			};
			name = Release;
		};
		1879C9B226C68C7100489C7B /* Debug */ = {
			isa = XCBuildConfiguration;
			buildSettings = {
				ALWAYS_EMBED_SWIFT_STANDARD_LIBRARIES = YES;
				CODE_SIGN_STYLE = Automatic;
				DEVELOPMENT_TEAM = 266M4YU92D;
				INFOPLIST_FILE = EssentialFeedTests/Info.plist;
				LD_RUNPATH_SEARCH_PATHS = (
					"$(inherited)",
					"@executable_path/Frameworks",
					"@loader_path/Frameworks",
				);
				PRODUCT_BUNDLE_IDENTIFIER = roman.b.EssentialFeedTests;
				PRODUCT_NAME = "$(TARGET_NAME)";
				SWIFT_VERSION = 5.0;
				TARGETED_DEVICE_FAMILY = "1,2";
			};
			name = Debug;
		};
		1879C9B326C68C7100489C7B /* Release */ = {
			isa = XCBuildConfiguration;
			buildSettings = {
				ALWAYS_EMBED_SWIFT_STANDARD_LIBRARIES = YES;
				CODE_SIGN_STYLE = Automatic;
				DEVELOPMENT_TEAM = 266M4YU92D;
				INFOPLIST_FILE = EssentialFeedTests/Info.plist;
				LD_RUNPATH_SEARCH_PATHS = (
					"$(inherited)",
					"@executable_path/Frameworks",
					"@loader_path/Frameworks",
				);
				PRODUCT_BUNDLE_IDENTIFIER = roman.b.EssentialFeedTests;
				PRODUCT_NAME = "$(TARGET_NAME)";
				SWIFT_VERSION = 5.0;
				TARGETED_DEVICE_FAMILY = "1,2";
			};
			name = Release;
		};
		187C2E8B2740289A0002B331 /* Debug */ = {
			isa = XCBuildConfiguration;
			buildSettings = {
				CLANG_CXX_LANGUAGE_STANDARD = "gnu++17";
				CODE_SIGN_STYLE = Automatic;
				CURRENT_PROJECT_VERSION = 1;
				DEVELOPMENT_TEAM = 266M4YU92D;
				GENERATE_INFOPLIST_FILE = YES;
				IPHONEOS_DEPLOYMENT_TARGET = 15.0;
				LD_RUNPATH_SEARCH_PATHS = (
					"$(inherited)",
					"@executable_path/Frameworks",
					"@loader_path/Frameworks",
				);
				MARKETING_VERSION = 1.0;
				PRODUCT_BUNDLE_IDENTIFIER = roman.b.EssentialFeedCacheIntegrationTests;
				PRODUCT_NAME = "$(TARGET_NAME)";
				SUPPORTED_PLATFORMS = "iphonesimulator iphoneos macosx";
				SWIFT_EMIT_LOC_STRINGS = NO;
				SWIFT_VERSION = 5.0;
				TARGETED_DEVICE_FAMILY = "1,2";
			};
			name = Debug;
		};
		187C2E8C2740289A0002B331 /* Release */ = {
			isa = XCBuildConfiguration;
			buildSettings = {
				CLANG_CXX_LANGUAGE_STANDARD = "gnu++17";
				CODE_SIGN_STYLE = Automatic;
				CURRENT_PROJECT_VERSION = 1;
				DEVELOPMENT_TEAM = 266M4YU92D;
				GENERATE_INFOPLIST_FILE = YES;
				IPHONEOS_DEPLOYMENT_TARGET = 15.0;
				LD_RUNPATH_SEARCH_PATHS = (
					"$(inherited)",
					"@executable_path/Frameworks",
					"@loader_path/Frameworks",
				);
				MARKETING_VERSION = 1.0;
				PRODUCT_BUNDLE_IDENTIFIER = roman.b.EssentialFeedCacheIntegrationTests;
				PRODUCT_NAME = "$(TARGET_NAME)";
				SUPPORTED_PLATFORMS = "iphonesimulator iphoneos macosx";
				SWIFT_EMIT_LOC_STRINGS = NO;
				SWIFT_VERSION = 5.0;
				TARGETED_DEVICE_FAMILY = "1,2";
			};
			name = Release;
		};
		18BA72F826ED153100875F0E /* Debug */ = {
			isa = XCBuildConfiguration;
			buildSettings = {
				CODE_SIGN_STYLE = Automatic;
				DEVELOPMENT_TEAM = 266M4YU92D;
				INFOPLIST_FILE = EssentialFeedApiEndToEndTests/Info.plist;
				LD_RUNPATH_SEARCH_PATHS = (
					"$(inherited)",
					"@executable_path/Frameworks",
					"@loader_path/Frameworks",
				);
				PRODUCT_BUNDLE_IDENTIFIER = roman.b.EssentialFeedApiEndToEndTests;
				PRODUCT_NAME = "$(TARGET_NAME)";
				SWIFT_VERSION = 5.0;
				TARGETED_DEVICE_FAMILY = "1,2";
			};
			name = Debug;
		};
		18BA72F926ED153100875F0E /* Release */ = {
			isa = XCBuildConfiguration;
			buildSettings = {
				CODE_SIGN_STYLE = Automatic;
				DEVELOPMENT_TEAM = 266M4YU92D;
				INFOPLIST_FILE = EssentialFeedApiEndToEndTests/Info.plist;
				LD_RUNPATH_SEARCH_PATHS = (
					"$(inherited)",
					"@executable_path/Frameworks",
					"@loader_path/Frameworks",
				);
				PRODUCT_BUNDLE_IDENTIFIER = roman.b.EssentialFeedApiEndToEndTests;
				PRODUCT_NAME = "$(TARGET_NAME)";
				SWIFT_VERSION = 5.0;
				TARGETED_DEVICE_FAMILY = "1,2";
			};
			name = Release;
		};
/* End XCBuildConfiguration section */

/* Begin XCConfigurationList section */
		1832B297275BCCE400353707 /* Build configuration list for PBXNativeTarget "EssentialFeediOS" */ = {
			isa = XCConfigurationList;
			buildConfigurations = (
				1832B298275BCCE400353707 /* Debug */,
				1832B299275BCCE400353707 /* Release */,
			);
			defaultConfigurationIsVisible = 0;
			defaultConfigurationName = Release;
		};
		1832B29A275BCCE400353707 /* Build configuration list for PBXNativeTarget "EssentialFeediOSTests" */ = {
			isa = XCConfigurationList;
			buildConfigurations = (
				1832B29B275BCCE400353707 /* Debug */,
				1832B29C275BCCE400353707 /* Release */,
			);
			defaultConfigurationIsVisible = 0;
			defaultConfigurationName = Release;
		};
		1879C99426C68C7000489C7B /* Build configuration list for PBXProject "EssentialFeed" */ = {
			isa = XCConfigurationList;
			buildConfigurations = (
				1879C9AC26C68C7100489C7B /* Debug */,
				1879C9AD26C68C7100489C7B /* Release */,
			);
			defaultConfigurationIsVisible = 0;
			defaultConfigurationName = Release;
		};
		1879C9AE26C68C7100489C7B /* Build configuration list for PBXNativeTarget "EssentialFeed" */ = {
			isa = XCConfigurationList;
			buildConfigurations = (
				1879C9AF26C68C7100489C7B /* Debug */,
				1879C9B026C68C7100489C7B /* Release */,
			);
			defaultConfigurationIsVisible = 0;
			defaultConfigurationName = Release;
		};
		1879C9B126C68C7100489C7B /* Build configuration list for PBXNativeTarget "EssentialFeedTests" */ = {
			isa = XCConfigurationList;
			buildConfigurations = (
				1879C9B226C68C7100489C7B /* Debug */,
				1879C9B326C68C7100489C7B /* Release */,
			);
			defaultConfigurationIsVisible = 0;
			defaultConfigurationName = Release;
		};
		187C2E8A2740289A0002B331 /* Build configuration list for PBXNativeTarget "EssentialFeedCacheIntegrationTests" */ = {
			isa = XCConfigurationList;
			buildConfigurations = (
				187C2E8B2740289A0002B331 /* Debug */,
				187C2E8C2740289A0002B331 /* Release */,
			);
			defaultConfigurationIsVisible = 0;
			defaultConfigurationName = Release;
		};
		18BA72FA26ED153100875F0E /* Build configuration list for PBXNativeTarget "EssentialFeedApiEndToEndTests" */ = {
			isa = XCConfigurationList;
			buildConfigurations = (
				18BA72F826ED153100875F0E /* Debug */,
				18BA72F926ED153100875F0E /* Release */,
			);
			defaultConfigurationIsVisible = 0;
			defaultConfigurationName = Release;
		};
/* End XCConfigurationList section */

/* Begin XCVersionGroup section */
		187C2E6A273C64AB0002B331 /* FeedStore.xcdatamodeld */ = {
			isa = XCVersionGroup;
			children = (
				187C2E6B273C64AB0002B331 /* FeedStore.xcdatamodel */,
			);
			currentVersion = 187C2E6B273C64AB0002B331 /* FeedStore.xcdatamodel */;
			path = FeedStore.xcdatamodeld;
			sourceTree = "<group>";
			versionGroupType = wrapper.xcdatamodel;
		};
/* End XCVersionGroup section */
	};
	rootObject = 1879C99126C68C7000489C7B /* Project object */;
}
